
Microsoft Visual Studio Solution File, Format Version 12.00
# Visual Studio Version 16
VisualStudioVersion = 16.0.29613.14
MinimumVisualStudioVersion = 10.0.40219.1
Project("{FAE04EC0-301F-11D3-BF4B-00C04F79EFBC}") = "LFSR", "LFSR\LFSR.csproj", "{29C1357F-5EA9-429A-AB29-F51997C72FB7}"
EndProject
Global
	GlobalSection(SolutionConfigurationPlatforms) = preSolution
		Debug|Any CPU = Debug|Any CPU
		Release|Any CPU = Release|Any CPU
	EndGlobalSection
	GlobalSection(ProjectConfigurationPlatforms) = postSolution
		{29C1357F-5EA9-429A-AB29-F51997C72FB7}.Debug|Any CPU.ActiveCfg = Debug|Any CPU
		{29C1357F-5EA9-429A-AB29-F51997C72FB7}.Debug|Any CPU.Build.0 = Debug|Any CPU
		{29C1357F-5EA9-429A-AB29-F51997C72FB7}.Release|Any CPU.ActiveCfg = Release|Any CPU
		{29C1357F-5EA9-429A-AB29-F51997C72FB7}.Release|Any CPU.Build.0 = Release|Any CPU
	EndGlobalSection
	GlobalSection(SolutionProperties) = preSolution
		HideSolutionNode = FALSE
	EndGlobalSection
	GlobalSection(ExtensibilityGlobals) = postSolution
		SolutionGuid = {BB143B56-C71D-40CA-AF05-CAE5D99FC424}
	EndGlobalSection
EndGlobal
